
Microsoft Visual Studio Solution File, Format Version 12.00
# Visual Studio Version 16
VisualStudioVersion = 16.0.30804.86
MinimumVisualStudioVersion = 10.0.40219.1
Project("{9A19103F-16F7-4668-BE54-9A1E7A4F7556}") = "RecipeBook.API", "RecipeBook.API\RecipeBook.API.csproj", "{7F65C3EC-3348-42FD-BD8A-769DB162F2BA}"
EndProject
Project("{9A19103F-16F7-4668-BE54-9A1E7A4F7556}") = "RecipeBook.Core", "RecipeBook.Core\RecipeBook.Core.csproj", "{9E6BFF27-F346-46ED-9FA1-65D3B3772ACF}"
EndProject
Project("{FAE04EC0-301F-11D3-BF4B-00C04F79EFBC}") = "RecipeBook.Data", "RecipeBook.Data\RecipeBook.Data.csproj", "{F1510BA5-0E8B-41DA-A50A-F5FB25783C14}"
EndProject
Global
	GlobalSection(SolutionConfigurationPlatforms) = preSolution
		Debug|Any CPU = Debug|Any CPU
		Release|Any CPU = Release|Any CPU
	EndGlobalSection
	GlobalSection(ProjectConfigurationPlatforms) = postSolution
		{7F65C3EC-3348-42FD-BD8A-769DB162F2BA}.Debug|Any CPU.ActiveCfg = Debug|Any CPU
		{7F65C3EC-3348-42FD-BD8A-769DB162F2BA}.Debug|Any CPU.Build.0 = Debug|Any CPU
		{7F65C3EC-3348-42FD-BD8A-769DB162F2BA}.Release|Any CPU.ActiveCfg = Release|Any CPU
		{7F65C3EC-3348-42FD-BD8A-769DB162F2BA}.Release|Any CPU.Build.0 = Release|Any CPU
		{9E6BFF27-F346-46ED-9FA1-65D3B3772ACF}.Debug|Any CPU.ActiveCfg = Debug|Any CPU
		{9E6BFF27-F346-46ED-9FA1-65D3B3772ACF}.Debug|Any CPU.Build.0 = Debug|Any CPU
		{9E6BFF27-F346-46ED-9FA1-65D3B3772ACF}.Release|Any CPU.ActiveCfg = Release|Any CPU
		{9E6BFF27-F346-46ED-9FA1-65D3B3772ACF}.Release|Any CPU.Build.0 = Release|Any CPU
		{F1510BA5-0E8B-41DA-A50A-F5FB25783C14}.Debug|Any CPU.ActiveCfg = Debug|Any CPU
		{F1510BA5-0E8B-41DA-A50A-F5FB25783C14}.Debug|Any CPU.Build.0 = Debug|Any CPU
		{F1510BA5-0E8B-41DA-A50A-F5FB25783C14}.Release|Any CPU.ActiveCfg = Release|Any CPU
		{F1510BA5-0E8B-41DA-A50A-F5FB25783C14}.Release|Any CPU.Build.0 = Release|Any CPU
	EndGlobalSection
	GlobalSection(SolutionProperties) = preSolution
		HideSolutionNode = FALSE
	EndGlobalSection
	GlobalSection(ExtensibilityGlobals) = postSolution
		SolutionGuid = {7DE82A3F-EF1D-45D7-AACD-6050DFDD5ED0}
	EndGlobalSection
EndGlobal
